{
  "name": "factorio-helper",
  "version": "1.0.0",
  "lockfileVersion": 1,
  "requires": true,
  "dependencies": {
    "logic-solver": {
      "version": "2.0.1",
      "resolved": "https://repo.huaweicloud.com/repository/npm/logic-solver/-/logic-solver-2.0.1.tgz",
      "integrity": "sha512-F1oCywXUzvAF4Z98mMyXySUCpUU3hNyc+JfYV3g2x/4BupC/xv94iPJuHh9us2XX5UrvY5lnKUXNvjcJNQBJ/g==",
      "requires": {
        "underscore": "^1.7.0"
      }
    },
    "underscore": {
      "version": "1.13.7",
      "resolved": "https://repo.huaweicloud.com/repository/npm/underscore/-/underscore-1.13.7.tgz",
      "integrity": "sha512-GMXzWtsc57XAtguZgaQViUOzs0KTkk8ojr3/xAxXLITqf/3EMwxC0inyETfDFjH/Krbhuep0HNbbjI9i/q3F3g=="
    }
  }
}
